
Microsoft Visual Studio Solution File, Format Version 12.00
# Visual Studio Version 17
VisualStudioVersion = 17.0.32126.317
MinimumVisualStudioVersion = 10.0.40219.1
Project("{9A19103F-16F7-4668-BE54-9A1E7A4F7556}") = "XC.XSC.API", "XC.XSC.API\XC.XSC.API.csproj", "{443AB6F7-E5EB-4D85-8CF9-DE3BF053429F}"
EndProject
Project("{2150E333-8FDC-42A3-9474-1A3956D46DE8}") = "XC.XSC.Integrations", "XC.XSC.Integrations", "{D806384C-2D4C-47A1-AF2A-2905135BD897}"
EndProject
Project("{2150E333-8FDC-42A3-9474-1A3956D46DE8}") = "XC.XSC.Domain", "XC.XSC.Domain", "{7BAD2FAA-B999-476E-A7A5-B17DB4EDA204}"
EndProject
Project("{9A19103F-16F7-4668-BE54-9A1E7A4F7556}") = "XC.CCMP.Caching", "XC.XSC.Integrations\XC.CCMP.Caching\XC.CCMP.Caching.csproj", "{0D77CBD2-D853-45D6-B0BB-C959DF0147AC}"
EndProject
Project("{9A19103F-16F7-4668-BE54-9A1E7A4F7556}") = "XC.CCMP.Logger", "XC.XSC.Integrations\XC.CCMP.Logger\XC.CCMP.Logger.csproj", "{C80C9AF7-ECBD-4C73-AA46-031B214DB6B9}"
EndProject
Project("{9A19103F-16F7-4668-BE54-9A1E7A4F7556}") = "XC.CCMP.Queue", "XC.XSC.Integrations\XC.CCMP.Queue\XC.CCMP.Queue.csproj", "{D5767626-C3A6-4E66-88D4-E0685D600F78}"
EndProject
Project("{9A19103F-16F7-4668-BE54-9A1E7A4F7556}") = "XC.XSC.Utilities", "XC.XSC.Extentions\XC.XSC.Utilities.csproj", "{F4DB8E1D-6A19-4EA2-8814-CFD51321A5DF}"
EndProject
Project("{9A19103F-16F7-4668-BE54-9A1E7A4F7556}") = "XC.CCMP.Queue.MessageAdapter", "XC.XSC.Integrations\XC.CCMP.Queue.MessageAdapter\XC.CCMP.Queue.MessageAdapter.csproj", "{9DF84F8C-E9EF-4232-84C3-BE27EA99CBC7}"
EndProject
Project("{9A19103F-16F7-4668-BE54-9A1E7A4F7556}") = "XC.XSC.Repositories", "XC.XSC.Repositories\XC.XSC.Repositories.csproj", "{E816821C-248C-4EC4-BAE2-B9667CE961A1}"
EndProject
Project("{9A19103F-16F7-4668-BE54-9A1E7A4F7556}") = "XC.XSC.Service", "XC.XSC.Service\XC.XSC.Service.csproj", "{68886492-A2DD-4D89-BF8D-EB3545803BE1}"
EndProject
Project("{9A19103F-16F7-4668-BE54-9A1E7A4F7556}") = "XC.XSC.Data", "XC.XSC.Data\XC.XSC.Data.csproj", "{5A02B53C-C289-4324-935A-7DEDC5E9011E}"
EndProject
Project("{9A19103F-16F7-4668-BE54-9A1E7A4F7556}") = "XC.CCMP.Queue.MessageBroker", "XC.XSC.Integrations\XC.CCMP.Queue.MessageBroker\XC.CCMP.Queue.MessageBroker.csproj", "{CE8914AE-87EA-47C5-B09E-33550EB3F267}"
EndProject
Project("{9A19103F-16F7-4668-BE54-9A1E7A4F7556}") = "XC.XSC.Tests", "XC.XSC.Tests\XC.XSC.Tests.csproj", "{3FF5EE45-9CB2-4FCC-B402-6403F90DD42C}"
EndProject
Project("{9A19103F-16F7-4668-BE54-9A1E7A4F7556}") = "XC.XSC.Models", "XC.XSC.Domain\XC.XSC.Models\XC.XSC.Models.csproj", "{CB4995FA-0D72-4741-ACE2-932A9BB73737}"
EndProject
Project("{9A19103F-16F7-4668-BE54-9A1E7A4F7556}") = "XC.XSC.ViewModels", "XC.XSC.Domain\XC.XSC.ViewModels\XC.XSC.ViewModels.csproj", "{C29D1A61-72C1-475A-8E40-12DCA458EB91}"
EndProject
Project("{00D1A9C2-B5F0-4AF3-8072-F6C62B433612}") = "XC.XSC.Database", "XC.XSC.Database\XC.XSC.Database.sqlproj", "{5B28554D-8632-43E9-93DC-FAA0C723F482}"
EndProject
Project("{54A90642-561A-4BB1-A94E-469ADEE60C69}") = "XC.XSC.UI", "XC.XSC.UI\XC.XSC.UI.esproj", "{2FE4924E-D4D1-48CE-B393-722442E02884}"
EndProject
Project("{9A19103F-16F7-4668-BE54-9A1E7A4F7556}") = "XC.CCMP.KeyVault", "XC.XSC.Integrations\XC.CCMP.KeyVault\XC.CCMP.KeyVault.csproj", "{B7A5601D-1B20-4D70-BDA4-546DF3AB26C5}"
EndProject
Project("{9A19103F-16F7-4668-BE54-9A1E7A4F7556}") = "XC.XSC.EmailSender", "XC.XSC.Integrations\XC.XSC.EmailService\XC.XSC.EmailSender.csproj", "{56EBD798-D3AA-4CE5-B039-947A7E47073E}"
EndProject
Project("{E53339B2-1760-4266-BCC7-CA923CBCF16C}") = "docker-compose", "docker-compose.dcproj", "{F3F1EA04-99FE-4B71-9EFB-97A9F84B03C5}"
EndProject
Project("{9A19103F-16F7-4668-BE54-9A1E7A4F7556}") = "XC.XSC.ProfileMapping", "XC.XSC.Domain\XC.XSC.Model.Profiles\XC.XSC.ProfileMapping.csproj", "{95FD66DC-C211-406C-8D1F-9AE5CAE06BBA}"
EndProject
Project("{9A19103F-16F7-4668-BE54-9A1E7A4F7556}") = "XC.CCMP.DataStorage", "XC.XSC.Integrations\XSC.CCMP.DataStorage\XC.CCMP.DataStorage.csproj", "{8493F4CC-E8F4-4665-89AE-F091F47C5BD4}"
EndProject
Project("{9A19103F-16F7-4668-BE54-9A1E7A4F7556}") = "XC.XSC.ValidateMail", "XC.XSC.Integrations\XC.XSC.ValidateMail\XC.XSC.ValidateMail.csproj", "{8B866820-6A2A-4881-91D1-7102999BF8B0}"
EndProject
Project("{9A19103F-16F7-4668-BE54-9A1E7A4F7556}") = "XC.XSC.UAM", "XC.XSC.Integrations\XC.XSC.UAM\XC.XSC.UAM.csproj", "{00695AA0-01BF-4EBF-8AE6-2BB6FCFDEDF8}"
EndProject
Project("{9A19103F-16F7-4668-BE54-9A1E7A4F7556}") = "XC.XSC.EMS", "XC.XSC.Integrations\XC.XSC.EMS\XC.XSC.EMS.csproj", "{874D2546-3661-4F38-BAF8-090C41B29601}"
EndProject
Project("{9A19103F-16F7-4668-BE54-9A1E7A4F7556}") = "XC.XSC.Workflow", "XC.XSC.Integrations\XC.XSC.Workflow\XC.XSC.Workflow.csproj", "{29F99182-10C9-496A-BF36-DBF3ED4F60E9}"
EndProject
Project("{9A19103F-16F7-4668-BE54-9A1E7A4F7556}") = "XC.CCMP.IAM", "XC.XSC.Integrations\XC.CCMP.IAM\XC.CCMP.IAM.csproj", "{4AC427C9-4423-4C59-842C-E4F42183DD4B}"
EndProject
Global
	GlobalSection(SolutionConfigurationPlatforms) = preSolution
		Debug|Any CPU = Debug|Any CPU
		Release|Any CPU = Release|Any CPU
	EndGlobalSection
	GlobalSection(ProjectConfigurationPlatforms) = postSolution
		{443AB6F7-E5EB-4D85-8CF9-DE3BF053429F}.Debug|Any CPU.ActiveCfg = Debug|Any CPU
		{443AB6F7-E5EB-4D85-8CF9-DE3BF053429F}.Debug|Any CPU.Build.0 = Debug|Any CPU
		{443AB6F7-E5EB-4D85-8CF9-DE3BF053429F}.Release|Any CPU.ActiveCfg = Release|Any CPU
		{443AB6F7-E5EB-4D85-8CF9-DE3BF053429F}.Release|Any CPU.Build.0 = Release|Any CPU
		{0D77CBD2-D853-45D6-B0BB-C959DF0147AC}.Debug|Any CPU.ActiveCfg = Debug|Any CPU
		{0D77CBD2-D853-45D6-B0BB-C959DF0147AC}.Debug|Any CPU.Build.0 = Debug|Any CPU
		{0D77CBD2-D853-45D6-B0BB-C959DF0147AC}.Release|Any CPU.ActiveCfg = Release|Any CPU
		{0D77CBD2-D853-45D6-B0BB-C959DF0147AC}.Release|Any CPU.Build.0 = Release|Any CPU
		{C80C9AF7-ECBD-4C73-AA46-031B214DB6B9}.Debug|Any CPU.ActiveCfg = Debug|Any CPU
		{C80C9AF7-ECBD-4C73-AA46-031B214DB6B9}.Debug|Any CPU.Build.0 = Debug|Any CPU
		{C80C9AF7-ECBD-4C73-AA46-031B214DB6B9}.Release|Any CPU.ActiveCfg = Release|Any CPU
		{C80C9AF7-ECBD-4C73-AA46-031B214DB6B9}.Release|Any CPU.Build.0 = Release|Any CPU
		{D5767626-C3A6-4E66-88D4-E0685D600F78}.Debug|Any CPU.ActiveCfg = Debug|Any CPU
		{D5767626-C3A6-4E66-88D4-E0685D600F78}.Debug|Any CPU.Build.0 = Debug|Any CPU
		{D5767626-C3A6-4E66-88D4-E0685D600F78}.Release|Any CPU.ActiveCfg = Release|Any CPU
		{D5767626-C3A6-4E66-88D4-E0685D600F78}.Release|Any CPU.Build.0 = Release|Any CPU
		{F4DB8E1D-6A19-4EA2-8814-CFD51321A5DF}.Debug|Any CPU.ActiveCfg = Debug|Any CPU
		{F4DB8E1D-6A19-4EA2-8814-CFD51321A5DF}.Debug|Any CPU.Build.0 = Debug|Any CPU
		{F4DB8E1D-6A19-4EA2-8814-CFD51321A5DF}.Release|Any CPU.ActiveCfg = Release|Any CPU
		{F4DB8E1D-6A19-4EA2-8814-CFD51321A5DF}.Release|Any CPU.Build.0 = Release|Any CPU
		{9DF84F8C-E9EF-4232-84C3-BE27EA99CBC7}.Debug|Any CPU.ActiveCfg = Debug|Any CPU
		{9DF84F8C-E9EF-4232-84C3-BE27EA99CBC7}.Debug|Any CPU.Build.0 = Debug|Any CPU
		{9DF84F8C-E9EF-4232-84C3-BE27EA99CBC7}.Release|Any CPU.ActiveCfg = Release|Any CPU
		{9DF84F8C-E9EF-4232-84C3-BE27EA99CBC7}.Release|Any CPU.Build.0 = Release|Any CPU
		{E816821C-248C-4EC4-BAE2-B9667CE961A1}.Debug|Any CPU.ActiveCfg = Debug|Any CPU
		{E816821C-248C-4EC4-BAE2-B9667CE961A1}.Debug|Any CPU.Build.0 = Debug|Any CPU
		{E816821C-248C-4EC4-BAE2-B9667CE961A1}.Release|Any CPU.ActiveCfg = Release|Any CPU
		{E816821C-248C-4EC4-BAE2-B9667CE961A1}.Release|Any CPU.Build.0 = Release|Any CPU
		{68886492-A2DD-4D89-BF8D-EB3545803BE1}.Debug|Any CPU.ActiveCfg = Debug|Any CPU
		{68886492-A2DD-4D89-BF8D-EB3545803BE1}.Debug|Any CPU.Build.0 = Debug|Any CPU
		{68886492-A2DD-4D89-BF8D-EB3545803BE1}.Release|Any CPU.ActiveCfg = Release|Any CPU
		{68886492-A2DD-4D89-BF8D-EB3545803BE1}.Release|Any CPU.Build.0 = Release|Any CPU
		{5A02B53C-C289-4324-935A-7DEDC5E9011E}.Debug|Any CPU.ActiveCfg = Debug|Any CPU
		{5A02B53C-C289-4324-935A-7DEDC5E9011E}.Debug|Any CPU.Build.0 = Debug|Any CPU
		{5A02B53C-C289-4324-935A-7DEDC5E9011E}.Release|Any CPU.ActiveCfg = Release|Any CPU
		{5A02B53C-C289-4324-935A-7DEDC5E9011E}.Release|Any CPU.Build.0 = Release|Any CPU
		{CE8914AE-87EA-47C5-B09E-33550EB3F267}.Debug|Any CPU.ActiveCfg = Debug|Any CPU
		{CE8914AE-87EA-47C5-B09E-33550EB3F267}.Debug|Any CPU.Build.0 = Debug|Any CPU
		{CE8914AE-87EA-47C5-B09E-33550EB3F267}.Release|Any CPU.ActiveCfg = Release|Any CPU
		{CE8914AE-87EA-47C5-B09E-33550EB3F267}.Release|Any CPU.Build.0 = Release|Any CPU
		{3FF5EE45-9CB2-4FCC-B402-6403F90DD42C}.Debug|Any CPU.ActiveCfg = Debug|Any CPU
		{3FF5EE45-9CB2-4FCC-B402-6403F90DD42C}.Debug|Any CPU.Build.0 = Debug|Any CPU
		{3FF5EE45-9CB2-4FCC-B402-6403F90DD42C}.Release|Any CPU.ActiveCfg = Release|Any CPU
		{3FF5EE45-9CB2-4FCC-B402-6403F90DD42C}.Release|Any CPU.Build.0 = Release|Any CPU
		{CB4995FA-0D72-4741-ACE2-932A9BB73737}.Debug|Any CPU.ActiveCfg = Debug|Any CPU
		{CB4995FA-0D72-4741-ACE2-932A9BB73737}.Debug|Any CPU.Build.0 = Debug|Any CPU
		{CB4995FA-0D72-4741-ACE2-932A9BB73737}.Release|Any CPU.ActiveCfg = Release|Any CPU
		{CB4995FA-0D72-4741-ACE2-932A9BB73737}.Release|Any CPU.Build.0 = Release|Any CPU
		{C29D1A61-72C1-475A-8E40-12DCA458EB91}.Debug|Any CPU.ActiveCfg = Debug|Any CPU
		{C29D1A61-72C1-475A-8E40-12DCA458EB91}.Debug|Any CPU.Build.0 = Debug|Any CPU
		{C29D1A61-72C1-475A-8E40-12DCA458EB91}.Release|Any CPU.ActiveCfg = Release|Any CPU
		{C29D1A61-72C1-475A-8E40-12DCA458EB91}.Release|Any CPU.Build.0 = Release|Any CPU
		{5B28554D-8632-43E9-93DC-FAA0C723F482}.Debug|Any CPU.ActiveCfg = Debug|Any CPU
		{5B28554D-8632-43E9-93DC-FAA0C723F482}.Debug|Any CPU.Build.0 = Debug|Any CPU
		{5B28554D-8632-43E9-93DC-FAA0C723F482}.Debug|Any CPU.Deploy.0 = Debug|Any CPU
		{5B28554D-8632-43E9-93DC-FAA0C723F482}.Release|Any CPU.ActiveCfg = Release|Any CPU
		{5B28554D-8632-43E9-93DC-FAA0C723F482}.Release|Any CPU.Build.0 = Release|Any CPU
		{5B28554D-8632-43E9-93DC-FAA0C723F482}.Release|Any CPU.Deploy.0 = Release|Any CPU
		{2FE4924E-D4D1-48CE-B393-722442E02884}.Debug|Any CPU.ActiveCfg = Debug|Any CPU
		{2FE4924E-D4D1-48CE-B393-722442E02884}.Debug|Any CPU.Build.0 = Debug|Any CPU
		{2FE4924E-D4D1-48CE-B393-722442E02884}.Debug|Any CPU.Deploy.0 = Debug|Any CPU
		{2FE4924E-D4D1-48CE-B393-722442E02884}.Release|Any CPU.ActiveCfg = Release|Any CPU
		{2FE4924E-D4D1-48CE-B393-722442E02884}.Release|Any CPU.Build.0 = Release|Any CPU
		{2FE4924E-D4D1-48CE-B393-722442E02884}.Release|Any CPU.Deploy.0 = Release|Any CPU
		{B7A5601D-1B20-4D70-BDA4-546DF3AB26C5}.Debug|Any CPU.ActiveCfg = Debug|Any CPU
		{B7A5601D-1B20-4D70-BDA4-546DF3AB26C5}.Debug|Any CPU.Build.0 = Debug|Any CPU
		{B7A5601D-1B20-4D70-BDA4-546DF3AB26C5}.Release|Any CPU.ActiveCfg = Release|Any CPU
		{B7A5601D-1B20-4D70-BDA4-546DF3AB26C5}.Release|Any CPU.Build.0 = Release|Any CPU
		{56EBD798-D3AA-4CE5-B039-947A7E47073E}.Debug|Any CPU.ActiveCfg = Debug|Any CPU
		{56EBD798-D3AA-4CE5-B039-947A7E47073E}.Debug|Any CPU.Build.0 = Debug|Any CPU
		{56EBD798-D3AA-4CE5-B039-947A7E47073E}.Release|Any CPU.ActiveCfg = Release|Any CPU
		{56EBD798-D3AA-4CE5-B039-947A7E47073E}.Release|Any CPU.Build.0 = Release|Any CPU
		{F3F1EA04-99FE-4B71-9EFB-97A9F84B03C5}.Debug|Any CPU.ActiveCfg = Debug|Any CPU
		{F3F1EA04-99FE-4B71-9EFB-97A9F84B03C5}.Debug|Any CPU.Build.0 = Debug|Any CPU
		{F3F1EA04-99FE-4B71-9EFB-97A9F84B03C5}.Release|Any CPU.ActiveCfg = Release|Any CPU
		{F3F1EA04-99FE-4B71-9EFB-97A9F84B03C5}.Release|Any CPU.Build.0 = Release|Any CPU
		{95FD66DC-C211-406C-8D1F-9AE5CAE06BBA}.Debug|Any CPU.ActiveCfg = Debug|Any CPU
		{95FD66DC-C211-406C-8D1F-9AE5CAE06BBA}.Debug|Any CPU.Build.0 = Debug|Any CPU
		{95FD66DC-C211-406C-8D1F-9AE5CAE06BBA}.Release|Any CPU.ActiveCfg = Release|Any CPU
		{95FD66DC-C211-406C-8D1F-9AE5CAE06BBA}.Release|Any CPU.Build.0 = Release|Any CPU
		{8493F4CC-E8F4-4665-89AE-F091F47C5BD4}.Debug|Any CPU.ActiveCfg = Debug|Any CPU
		{8493F4CC-E8F4-4665-89AE-F091F47C5BD4}.Debug|Any CPU.Build.0 = Debug|Any CPU
		{8493F4CC-E8F4-4665-89AE-F091F47C5BD4}.Release|Any CPU.ActiveCfg = Release|Any CPU
		{8493F4CC-E8F4-4665-89AE-F091F47C5BD4}.Release|Any CPU.Build.0 = Release|Any CPU
		{8B866820-6A2A-4881-91D1-7102999BF8B0}.Debug|Any CPU.ActiveCfg = Debug|Any CPU
		{8B866820-6A2A-4881-91D1-7102999BF8B0}.Debug|Any CPU.Build.0 = Debug|Any CPU
		{8B866820-6A2A-4881-91D1-7102999BF8B0}.Release|Any CPU.ActiveCfg = Release|Any CPU
		{8B866820-6A2A-4881-91D1-7102999BF8B0}.Release|Any CPU.Build.0 = Release|Any CPU
		{00695AA0-01BF-4EBF-8AE6-2BB6FCFDEDF8}.Debug|Any CPU.ActiveCfg = Debug|Any CPU
		{00695AA0-01BF-4EBF-8AE6-2BB6FCFDEDF8}.Debug|Any CPU.Build.0 = Debug|Any CPU
		{00695AA0-01BF-4EBF-8AE6-2BB6FCFDEDF8}.Release|Any CPU.ActiveCfg = Release|Any CPU
		{00695AA0-01BF-4EBF-8AE6-2BB6FCFDEDF8}.Release|Any CPU.Build.0 = Release|Any CPU
		{874D2546-3661-4F38-BAF8-090C41B29601}.Debug|Any CPU.ActiveCfg = Debug|Any CPU
		{874D2546-3661-4F38-BAF8-090C41B29601}.Debug|Any CPU.Build.0 = Debug|Any CPU
		{874D2546-3661-4F38-BAF8-090C41B29601}.Release|Any CPU.ActiveCfg = Release|Any CPU
		{874D2546-3661-4F38-BAF8-090C41B29601}.Release|Any CPU.Build.0 = Release|Any CPU
		{29F99182-10C9-496A-BF36-DBF3ED4F60E9}.Debug|Any CPU.ActiveCfg = Debug|Any CPU
		{29F99182-10C9-496A-BF36-DBF3ED4F60E9}.Debug|Any CPU.Build.0 = Debug|Any CPU
		{29F99182-10C9-496A-BF36-DBF3ED4F60E9}.Release|Any CPU.ActiveCfg = Release|Any CPU
		{29F99182-10C9-496A-BF36-DBF3ED4F60E9}.Release|Any CPU.Build.0 = Release|Any CPU
		{4AC427C9-4423-4C59-842C-E4F42183DD4B}.Debug|Any CPU.ActiveCfg = Debug|Any CPU
		{4AC427C9-4423-4C59-842C-E4F42183DD4B}.Debug|Any CPU.Build.0 = Debug|Any CPU
		{4AC427C9-4423-4C59-842C-E4F42183DD4B}.Release|Any CPU.ActiveCfg = Release|Any CPU
		{4AC427C9-4423-4C59-842C-E4F42183DD4B}.Release|Any CPU.Build.0 = Release|Any CPU
	EndGlobalSection
	GlobalSection(SolutionProperties) = preSolution
		HideSolutionNode = FALSE
	EndGlobalSection
	GlobalSection(NestedProjects) = preSolution
		{0D77CBD2-D853-45D6-B0BB-C959DF0147AC} = {D806384C-2D4C-47A1-AF2A-2905135BD897}
		{C80C9AF7-ECBD-4C73-AA46-031B214DB6B9} = {D806384C-2D4C-47A1-AF2A-2905135BD897}
		{D5767626-C3A6-4E66-88D4-E0685D600F78} = {D806384C-2D4C-47A1-AF2A-2905135BD897}
		{9DF84F8C-E9EF-4232-84C3-BE27EA99CBC7} = {D806384C-2D4C-47A1-AF2A-2905135BD897}
		{CE8914AE-87EA-47C5-B09E-33550EB3F267} = {D806384C-2D4C-47A1-AF2A-2905135BD897}
		{CB4995FA-0D72-4741-ACE2-932A9BB73737} = {7BAD2FAA-B999-476E-A7A5-B17DB4EDA204}
		{C29D1A61-72C1-475A-8E40-12DCA458EB91} = {7BAD2FAA-B999-476E-A7A5-B17DB4EDA204}
		{B7A5601D-1B20-4D70-BDA4-546DF3AB26C5} = {D806384C-2D4C-47A1-AF2A-2905135BD897}
		{56EBD798-D3AA-4CE5-B039-947A7E47073E} = {D806384C-2D4C-47A1-AF2A-2905135BD897}
		{95FD66DC-C211-406C-8D1F-9AE5CAE06BBA} = {7BAD2FAA-B999-476E-A7A5-B17DB4EDA204}
		{8493F4CC-E8F4-4665-89AE-F091F47C5BD4} = {D806384C-2D4C-47A1-AF2A-2905135BD897}
		{8B866820-6A2A-4881-91D1-7102999BF8B0} = {D806384C-2D4C-47A1-AF2A-2905135BD897}
		{00695AA0-01BF-4EBF-8AE6-2BB6FCFDEDF8} = {D806384C-2D4C-47A1-AF2A-2905135BD897}
		{874D2546-3661-4F38-BAF8-090C41B29601} = {D806384C-2D4C-47A1-AF2A-2905135BD897}
		{29F99182-10C9-496A-BF36-DBF3ED4F60E9} = {D806384C-2D4C-47A1-AF2A-2905135BD897}
		{4AC427C9-4423-4C59-842C-E4F42183DD4B} = {D806384C-2D4C-47A1-AF2A-2905135BD897}
	EndGlobalSection
	GlobalSection(ExtensibilityGlobals) = postSolution
		SolutionGuid = {63394C72-ADBD-47E5-A69E-8625A4C9EB8D}
	EndGlobalSection
EndGlobal
